
Microsoft Visual Studio Solution File, Format Version 12.00
# Visual Studio 15
VisualStudioVersion = 15.0.28307.1082
MinimumVisualStudioVersion = 10.0.40219.1
Project("{FAE04EC0-301F-11D3-BF4B-00C04F79EFBC}") = "Sales Management", "Sales Management\Sales Management.csproj", "{8FED8399-DFC3-4B59-81D5-4B98721DB183}"
EndProject
Project("{54435603-DBB4-11D2-8724-00A0C9A8B90C}") = "Setup EasySales", "Setup EasySales\Setup EasySales.vdproj", "{E3FAB365-32E3-4B6E-B561-84A31F0DDE11}"
EndProject
Global
	GlobalSection(SolutionConfigurationPlatforms) = preSolution
		Debug|Any CPU = Debug|Any CPU
		Debug|x64 = Debug|x64
		Debug|x86 = Debug|x86
		Release|Any CPU = Release|Any CPU
		Release|x64 = Release|x64
		Release|x86 = Release|x86
	EndGlobalSection
	GlobalSection(ProjectConfigurationPlatforms) = postSolution
		{8FED8399-DFC3-4B59-81D5-4B98721DB183}.Debug|Any CPU.ActiveCfg = Debug|Any CPU
		{8FED8399-DFC3-4B59-81D5-4B98721DB183}.Debug|Any CPU.Build.0 = Debug|Any CPU
		{8FED8399-DFC3-4B59-81D5-4B98721DB183}.Debug|x64.ActiveCfg = Debug|x64
		{8FED8399-DFC3-4B59-81D5-4B98721DB183}.Debug|x64.Build.0 = Debug|x64
		{8FED8399-DFC3-4B59-81D5-4B98721DB183}.Debug|x86.ActiveCfg = Debug|x86
		{8FED8399-DFC3-4B59-81D5-4B98721DB183}.Debug|x86.Build.0 = Debug|x86
		{8FED8399-DFC3-4B59-81D5-4B98721DB183}.Release|Any CPU.ActiveCfg = Release|Any CPU
		{8FED8399-DFC3-4B59-81D5-4B98721DB183}.Release|Any CPU.Build.0 = Release|Any CPU
		{8FED8399-DFC3-4B59-81D5-4B98721DB183}.Release|x64.ActiveCfg = Release|x64
		{8FED8399-DFC3-4B59-81D5-4B98721DB183}.Release|x64.Build.0 = Release|x64
		{8FED8399-DFC3-4B59-81D5-4B98721DB183}.Release|x86.ActiveCfg = Release|x86
		{8FED8399-DFC3-4B59-81D5-4B98721DB183}.Release|x86.Build.0 = Release|x86
		{E3FAB365-32E3-4B6E-B561-84A31F0DDE11}.Debug|Any CPU.ActiveCfg = Debug
		{E3FAB365-32E3-4B6E-B561-84A31F0DDE11}.Debug|x64.ActiveCfg = Debug
		{E3FAB365-32E3-4B6E-B561-84A31F0DDE11}.Debug|x86.ActiveCfg = Debug
		{E3FAB365-32E3-4B6E-B561-84A31F0DDE11}.Release|Any CPU.ActiveCfg = Release
		{E3FAB365-32E3-4B6E-B561-84A31F0DDE11}.Release|x64.ActiveCfg = Release
		{E3FAB365-32E3-4B6E-B561-84A31F0DDE11}.Release|x86.ActiveCfg = Release
	EndGlobalSection
	GlobalSection(SolutionProperties) = preSolution
		HideSolutionNode = FALSE
	EndGlobalSection
	GlobalSection(ExtensibilityGlobals) = postSolution
		SolutionGuid = {B0436CD0-E304-430A-819E-E68400025267}
	EndGlobalSection
EndGlobal
